# This file is autogenerated, do not edit; changes may be undone by the next 'dep ensure'.


[[projects]]
  branch = "master"
  name = "github.com/onuryilmaz/go-wex"
  packages = ["."]
  revision = "1115a6355c2e03c19a6c0998a3bb708f19c0c520"

[solve-meta]
  analyzer-name = "dep"
  analyzer-version = 1
  inputs-digest = "e5bf786cc583b3814d93c10c0fb4bd772fc043f05225b6baa25394fe2333559e"
  solver-name = "gps-cdcl"
  solver-version = 1
